
Microsoft Visual Studio Solution File, Format Version 12.00
# Visual Studio Version 17
VisualStudioVersion = 17.0.31903.59
MinimumVisualStudioVersion = 10.0.40219.1
Project("{FAE04EC0-301F-11D3-BF4B-00C04F79EFBC}") = "ContactsApi", "ContactsApi\ContactsApi.csproj", "{414286A9-8728-4C01-AACE-88288DA3711B}"
EndProject
Project("{FAE04EC0-301F-11D3-BF4B-00C04F79EFBC}") = "ContactsApi.Infrastructure", "ContactsApi.Infrastructure\ContactsApi.Infrastructure.csproj", "{6A32B0A0-C9CC-4C92-9CB6-0C40B09DA49F}"
EndProject
Project("{FAE04EC0-301F-11D3-BF4B-00C04F79EFBC}") = "ContactsApi.Core", "ContactsApi.Core\ContactsApi.Core.csproj", "{DAD0A37D-9937-44E1-8958-8C6C6AD5406E}"
EndProject
Global
	GlobalSection(SolutionConfigurationPlatforms) = preSolution
		Debug|Any CPU = Debug|Any CPU
		Release|Any CPU = Release|Any CPU
	EndGlobalSection
	GlobalSection(ProjectConfigurationPlatforms) = postSolution
		{414286A9-8728-4C01-AACE-88288DA3711B}.Debug|Any CPU.ActiveCfg = Debug|Any CPU
		{414286A9-8728-4C01-AACE-88288DA3711B}.Debug|Any CPU.Build.0 = Debug|Any CPU
		{414286A9-8728-4C01-AACE-88288DA3711B}.Release|Any CPU.ActiveCfg = Release|Any CPU
		{414286A9-8728-4C01-AACE-88288DA3711B}.Release|Any CPU.Build.0 = Release|Any CPU
		{6A32B0A0-C9CC-4C92-9CB6-0C40B09DA49F}.Debug|Any CPU.ActiveCfg = Debug|Any CPU
		{6A32B0A0-C9CC-4C92-9CB6-0C40B09DA49F}.Debug|Any CPU.Build.0 = Debug|Any CPU
		{6A32B0A0-C9CC-4C92-9CB6-0C40B09DA49F}.Release|Any CPU.ActiveCfg = Release|Any CPU
		{6A32B0A0-C9CC-4C92-9CB6-0C40B09DA49F}.Release|Any CPU.Build.0 = Release|Any CPU
		{DAD0A37D-9937-44E1-8958-8C6C6AD5406E}.Debug|Any CPU.ActiveCfg = Debug|Any CPU
		{DAD0A37D-9937-44E1-8958-8C6C6AD5406E}.Debug|Any CPU.Build.0 = Debug|Any CPU
		{DAD0A37D-9937-44E1-8958-8C6C6AD5406E}.Release|Any CPU.ActiveCfg = Release|Any CPU
		{DAD0A37D-9937-44E1-8958-8C6C6AD5406E}.Release|Any CPU.Build.0 = Release|Any CPU
	EndGlobalSection
	GlobalSection(SolutionProperties) = preSolution
		HideSolutionNode = FALSE
	EndGlobalSection
EndGlobal
